
Microsoft Visual Studio Solution File, Format Version 12.00
# Visual Studio Version 17
VisualStudioVersion = 17.6.33829.357
MinimumVisualStudioVersion = 10.0.40219.1
Project("{FAE04EC0-301F-11D3-BF4B-00C04F79EFBC}") = "BlazorAppAssignment", "BlazorAppAssignment\BlazorAppAssignment.csproj", "{12898BF5-9699-4DC5-B83B-16D1AEF7350B}"
EndProject
Project("{FAE04EC0-301F-11D3-BF4B-00C04F79EFBC}") = "Domain", "Domain\Domain.csproj", "{AC336E76-8F93-478F-B149-7FCB5AD61429}"
EndProject
Project("{FAE04EC0-301F-11D3-BF4B-00C04F79EFBC}") = "Application", "Application\Application.csproj", "{D6D33DD8-5457-4505-B2BA-BEBBF68FF6F7}"
EndProject
Project("{FAE04EC0-301F-11D3-BF4B-00C04F79EFBC}") = "Shared", "Shared\Shared.csproj", "{29C8250B-10EB-430D-8109-20DFE519D58D}"
EndProject
Global
	GlobalSection(SolutionConfigurationPlatforms) = preSolution
		Debug|Any CPU = Debug|Any CPU
		Release|Any CPU = Release|Any CPU
	EndGlobalSection
	GlobalSection(ProjectConfigurationPlatforms) = postSolution
		{12898BF5-9699-4DC5-B83B-16D1AEF7350B}.Debug|Any CPU.ActiveCfg = Debug|Any CPU
		{12898BF5-9699-4DC5-B83B-16D1AEF7350B}.Debug|Any CPU.Build.0 = Debug|Any CPU
		{12898BF5-9699-4DC5-B83B-16D1AEF7350B}.Release|Any CPU.ActiveCfg = Release|Any CPU
		{12898BF5-9699-4DC5-B83B-16D1AEF7350B}.Release|Any CPU.Build.0 = Release|Any CPU
		{AC336E76-8F93-478F-B149-7FCB5AD61429}.Debug|Any CPU.ActiveCfg = Debug|Any CPU
		{AC336E76-8F93-478F-B149-7FCB5AD61429}.Debug|Any CPU.Build.0 = Debug|Any CPU
		{AC336E76-8F93-478F-B149-7FCB5AD61429}.Release|Any CPU.ActiveCfg = Release|Any CPU
		{AC336E76-8F93-478F-B149-7FCB5AD61429}.Release|Any CPU.Build.0 = Release|Any CPU
		{D6D33DD8-5457-4505-B2BA-BEBBF68FF6F7}.Debug|Any CPU.ActiveCfg = Debug|Any CPU
		{D6D33DD8-5457-4505-B2BA-BEBBF68FF6F7}.Debug|Any CPU.Build.0 = Debug|Any CPU
		{D6D33DD8-5457-4505-B2BA-BEBBF68FF6F7}.Release|Any CPU.ActiveCfg = Release|Any CPU
		{D6D33DD8-5457-4505-B2BA-BEBBF68FF6F7}.Release|Any CPU.Build.0 = Release|Any CPU
		{29C8250B-10EB-430D-8109-20DFE519D58D}.Debug|Any CPU.ActiveCfg = Debug|Any CPU
		{29C8250B-10EB-430D-8109-20DFE519D58D}.Debug|Any CPU.Build.0 = Debug|Any CPU
		{29C8250B-10EB-430D-8109-20DFE519D58D}.Release|Any CPU.ActiveCfg = Release|Any CPU
		{29C8250B-10EB-430D-8109-20DFE519D58D}.Release|Any CPU.Build.0 = Release|Any CPU
	EndGlobalSection
	GlobalSection(SolutionProperties) = preSolution
		HideSolutionNode = FALSE
	EndGlobalSection
	GlobalSection(ExtensibilityGlobals) = postSolution
		SolutionGuid = {32E3B1E1-46CE-4C17-A235-60A42BC6006B}
	EndGlobalSection
EndGlobal
